
Microsoft Visual Studio Solution File, Format Version 12.00
# Visual Studio Version 17
VisualStudioVersion = 17.5.33530.505
MinimumVisualStudioVersion = 10.0.40219.1
Project("{2150E333-8FDC-42A3-9474-1A3956D46DE8}") = "src", "src", "{858147CF-373B-4AF9-BD32-C67581C5E484}"
EndProject
Project("{2150E333-8FDC-42A3-9474-1A3956D46DE8}") = "test", "test", "{05ECE6FE-0CE0-4680-A5D4-00DFB627BF80}"
EndProject
Project("{2150E333-8FDC-42A3-9474-1A3956D46DE8}") = "Core", "Core", "{8A8ED55D-4E21-4AA5-A35D-8198941BAE68}"
EndProject
Project("{2150E333-8FDC-42A3-9474-1A3956D46DE8}") = "External", "External", "{FA536E57-0A2E-4EA5-88B7-1BAA9069A712}"
EndProject
Project("{FAE04EC0-301F-11D3-BF4B-00C04F79EFBC}") = "AyzMuhasebeServer.Application", "AyzMuhasebeServer.Application\AyzMuhasebeServer.Application.csproj", "{3248A9F3-9488-4406-9ACA-F4B732EFECC7}"
EndProject
Project("{FAE04EC0-301F-11D3-BF4B-00C04F79EFBC}") = "AyzMuhasebeServer.Domain", "AyzMuhasebeServer.Domain\AyzMuhasebeServer.Domain.csproj", "{92598EAA-3387-408B-A786-2D2EBCCC954E}"
EndProject
Project("{FAE04EC0-301F-11D3-BF4B-00C04F79EFBC}") = "AyzMuhasebeServer.Infrasturcture", "AyzMuhasebeServer.Infrasturcture\AyzMuhasebeServer.Infrasturcture.csproj", "{5F66526F-EA20-4D2C-9763-D062912D42DA}"
EndProject
Project("{FAE04EC0-301F-11D3-BF4B-00C04F79EFBC}") = "AyzMuhasebeServer.Persistance", "AyzMuhasebeServer.Persistance\AyzMuhasebeServer.Persistance.csproj", "{6CA99BD7-F4B4-4C76-AAF9-7993EC5C3A4D}"
EndProject
Project("{FAE04EC0-301F-11D3-BF4B-00C04F79EFBC}") = "AyzMuhasebeServer.Presentation", "AyzMuhasebeServer.Presentation\AyzMuhasebeServer.Presentation.csproj", "{34AD9819-B536-4938-AB68-D8EE86A65406}"
EndProject
Project("{FAE04EC0-301F-11D3-BF4B-00C04F79EFBC}") = "AyzMuhasebeServer.WebApi", "AyzMuhasebeServer.WebApi\AyzMuhasebeServer.WebApi.csproj", "{E008CB7B-1201-4DAC-8AD0-394F5CB366E7}"
EndProject
Global
	GlobalSection(SolutionConfigurationPlatforms) = preSolution
		Debug|Any CPU = Debug|Any CPU
		Release|Any CPU = Release|Any CPU
	EndGlobalSection
	GlobalSection(ProjectConfigurationPlatforms) = postSolution
		{3248A9F3-9488-4406-9ACA-F4B732EFECC7}.Debug|Any CPU.ActiveCfg = Debug|Any CPU
		{3248A9F3-9488-4406-9ACA-F4B732EFECC7}.Debug|Any CPU.Build.0 = Debug|Any CPU
		{3248A9F3-9488-4406-9ACA-F4B732EFECC7}.Release|Any CPU.ActiveCfg = Release|Any CPU
		{3248A9F3-9488-4406-9ACA-F4B732EFECC7}.Release|Any CPU.Build.0 = Release|Any CPU
		{92598EAA-3387-408B-A786-2D2EBCCC954E}.Debug|Any CPU.ActiveCfg = Debug|Any CPU
		{92598EAA-3387-408B-A786-2D2EBCCC954E}.Debug|Any CPU.Build.0 = Debug|Any CPU
		{92598EAA-3387-408B-A786-2D2EBCCC954E}.Release|Any CPU.ActiveCfg = Release|Any CPU
		{92598EAA-3387-408B-A786-2D2EBCCC954E}.Release|Any CPU.Build.0 = Release|Any CPU
		{5F66526F-EA20-4D2C-9763-D062912D42DA}.Debug|Any CPU.ActiveCfg = Debug|Any CPU
		{5F66526F-EA20-4D2C-9763-D062912D42DA}.Debug|Any CPU.Build.0 = Debug|Any CPU
		{5F66526F-EA20-4D2C-9763-D062912D42DA}.Release|Any CPU.ActiveCfg = Release|Any CPU
		{5F66526F-EA20-4D2C-9763-D062912D42DA}.Release|Any CPU.Build.0 = Release|Any CPU
		{6CA99BD7-F4B4-4C76-AAF9-7993EC5C3A4D}.Debug|Any CPU.ActiveCfg = Debug|Any CPU
		{6CA99BD7-F4B4-4C76-AAF9-7993EC5C3A4D}.Debug|Any CPU.Build.0 = Debug|Any CPU
		{6CA99BD7-F4B4-4C76-AAF9-7993EC5C3A4D}.Release|Any CPU.ActiveCfg = Release|Any CPU
		{6CA99BD7-F4B4-4C76-AAF9-7993EC5C3A4D}.Release|Any CPU.Build.0 = Release|Any CPU
		{34AD9819-B536-4938-AB68-D8EE86A65406}.Debug|Any CPU.ActiveCfg = Debug|Any CPU
		{34AD9819-B536-4938-AB68-D8EE86A65406}.Debug|Any CPU.Build.0 = Debug|Any CPU
		{34AD9819-B536-4938-AB68-D8EE86A65406}.Release|Any CPU.ActiveCfg = Release|Any CPU
		{34AD9819-B536-4938-AB68-D8EE86A65406}.Release|Any CPU.Build.0 = Release|Any CPU
		{E008CB7B-1201-4DAC-8AD0-394F5CB366E7}.Debug|Any CPU.ActiveCfg = Debug|Any CPU
		{E008CB7B-1201-4DAC-8AD0-394F5CB366E7}.Debug|Any CPU.Build.0 = Debug|Any CPU
		{E008CB7B-1201-4DAC-8AD0-394F5CB366E7}.Release|Any CPU.ActiveCfg = Release|Any CPU
		{E008CB7B-1201-4DAC-8AD0-394F5CB366E7}.Release|Any CPU.Build.0 = Release|Any CPU
	EndGlobalSection
	GlobalSection(SolutionProperties) = preSolution
		HideSolutionNode = FALSE
	EndGlobalSection
	GlobalSection(NestedProjects) = preSolution
		{8A8ED55D-4E21-4AA5-A35D-8198941BAE68} = {858147CF-373B-4AF9-BD32-C67581C5E484}
		{FA536E57-0A2E-4EA5-88B7-1BAA9069A712} = {858147CF-373B-4AF9-BD32-C67581C5E484}
		{3248A9F3-9488-4406-9ACA-F4B732EFECC7} = {8A8ED55D-4E21-4AA5-A35D-8198941BAE68}
		{92598EAA-3387-408B-A786-2D2EBCCC954E} = {8A8ED55D-4E21-4AA5-A35D-8198941BAE68}
		{5F66526F-EA20-4D2C-9763-D062912D42DA} = {FA536E57-0A2E-4EA5-88B7-1BAA9069A712}
		{6CA99BD7-F4B4-4C76-AAF9-7993EC5C3A4D} = {FA536E57-0A2E-4EA5-88B7-1BAA9069A712}
		{34AD9819-B536-4938-AB68-D8EE86A65406} = {FA536E57-0A2E-4EA5-88B7-1BAA9069A712}
		{E008CB7B-1201-4DAC-8AD0-394F5CB366E7} = {858147CF-373B-4AF9-BD32-C67581C5E484}
	EndGlobalSection
	GlobalSection(ExtensibilityGlobals) = postSolution
		SolutionGuid = {72FBF8C3-21F7-4DB3-8733-06CAE225FC40}
	EndGlobalSection
EndGlobal
